// !$*UTF8*$!
{
	archiveVersion = 1;
	classes = {
	};
	objectVersion = 46;
	objects = {

/* Begin PBXBuildFile section */
		9427C6EA1B4466000049EF06 /* main.m in Sources */ = {isa = PBXBuildFile; fileRef = 9427C6E91B4466000049EF06 /* main.m */; };
		9427C6ED1B4466000049EF06 /* AppDelegate.m in Sources */ = {isa = PBXBuildFile; fileRef = 9427C6EC1B4466000049EF06 /* AppDelegate.m */; };
		9427C6F01B4466000049EF06 /* ViewController.m in Sources */ = {isa = PBXBuildFile; fileRef = 9427C6EF1B4466000049EF06 /* ViewController.m */; };
		9427C6F31B4466000049EF06 /* Main.storyboard in Resources */ = {isa = PBXBuildFile; fileRef = 9427C6F11B4466000049EF06 /* Main.storyboard */; };
		9427C6F51B4466000049EF06 /* Images.xcassets in Resources */ = {isa = PBXBuildFile; fileRef = 9427C6F41B4466000049EF06 /* Images.xcassets */; };
		9427C6F81B4466000049EF06 /* LaunchScreen.xib in Resources */ = {isa = PBXBuildFile; fileRef = 9427C6F61B4466000049EF06 /* LaunchScreen.xib */; };
		9427C7041B4466000049EF06 /* IDNLoopViewTests.m in Sources */ = {isa = PBXBuildFile; fileRef = 9427C7031B4466000049EF06 /* IDNLoopViewTests.m */; };
		9427C70F1B4466130049EF06 /* IDNLoopView.m in Sources */ = {isa = PBXBuildFile; fileRef = 9427C70E1B4466130049EF06 /* IDNLoopView.m */; };
		9427C7351B45C3740049EF06 /* 抽象派艺术000.jpg in Resources */ = {isa = PBXBuildFile; fileRef = 9427C7211B45C3740049EF06 /* 抽象派艺术000.jpg */; };
		9427C7361B45C3740049EF06 /* 抽象派艺术001.jpg in Resources */ = {isa = PBXBuildFile; fileRef = 9427C7221B45C3740049EF06 /* 抽象派艺术001.jpg */; };
		9427C7371B45C3740049EF06 /* 抽象派艺术002.jpg in Resources */ = {isa = PBXBuildFile; fileRef = 9427C7231B45C3740049EF06 /* 抽象派艺术002.jpg */; };
		9427C7381B45C3740049EF06 /* 抽象派艺术003.jpg in Resources */ = {isa = PBXBuildFile; fileRef = 9427C7241B45C3740049EF06 /* 抽象派艺术003.jpg */; };
		9427C7391B45C3740049EF06 /* 抽象派艺术004.jpg in Resources */ = {isa = PBXBuildFile; fileRef = 9427C7251B45C3740049EF06 /* 抽象派艺术004.jpg */; };
		9427C73A1B45C3740049EF06 /* 抽象派艺术005.jpg in Resources */ = {isa = PBXBuildFile; fileRef = 9427C7261B45C3740049EF06 /* 抽象派艺术005.jpg */; };
/* End PBXBuildFile section */

/* Begin PBXContainerItemProxy section */
		9427C6FE1B4466000049EF06 /* PBXContainerItemProxy */ = {
			isa = PBXContainerItemProxy;
			containerPortal = 9427C6DC1B4466000049EF06 /* Project object */;
			proxyType = 1;
			remoteGlobalIDString = 9427C6E31B4466000049EF06;
			remoteInfo = IDNLoopView;
		};
/* End PBXContainerItemProxy section */

/* Begin PBXFileReference section */
		9427C6E41B4466000049EF06 /* IDNLoopView.app */ = {isa = PBXFileReference; explicitFileType = wrapper.application; includeInIndex = 0; path = IDNLoopView.app; sourceTree = BUILT_PRODUCTS_DIR; };
		9427C6E81B4466000049EF06 /* Info.plist */ = {isa = PBXFileReference; lastKnownFileType = text.plist.xml; path = Info.plist; sourceTree = "<group>"; };
		9427C6E91B4466000049EF06 /* main.m */ = {isa = PBXFileReference; lastKnownFileType = sourcecode.c.objc; path = main.m; sourceTree = "<group>"; };
		9427C6EB1B4466000049EF06 /* AppDelegate.h */ = {isa = PBXFileReference; lastKnownFileType = sourcecode.c.h; path = AppDelegate.h; sourceTree = "<group>"; };
		9427C6EC1B4466000049EF06 /* AppDelegate.m */ = {isa = PBXFileReference; lastKnownFileType = sourcecode.c.objc; path = AppDelegate.m; sourceTree = "<group>"; };
		9427C6EE1B4466000049EF06 /* ViewController.h */ = {isa = PBXFileReference; lastKnownFileType = sourcecode.c.h; path = ViewController.h; sourceTree = "<group>"; };
		9427C6EF1B4466000049EF06 /* ViewController.m */ = {isa = PBXFileReference; lastKnownFileType = sourcecode.c.objc; path = ViewController.m; sourceTree = "<group>"; };
		9427C6F21B4466000049EF06 /* Base */ = {isa = PBXFileReference; lastKnownFileType = file.storyboard; name = Base; path = Base.lproj/Main.storyboard; sourceTree = "<group>"; };
		9427C6F41B4466000049EF06 /* Images.xcassets */ = {isa = PBXFileReference; lastKnownFileType = folder.assetcatalog; path = Images.xcassets; sourceTree = "<group>"; };
		9427C6F71B4466000049EF06 /* Base */ = {isa = PBXFileReference; lastKnownFileType = file.xib; name = Base; path = Base.lproj/LaunchScreen.xib; sourceTree = "<group>"; };
		9427C6FD1B4466000049EF06 /* IDNLoopViewTests.xctest */ = {isa = PBXFileReference; explicitFileType = wrapper.cfbundle; includeInIndex = 0; path = IDNLoopViewTests.xctest; sourceTree = BUILT_PRODUCTS_DIR; };
		9427C7021B4466000049EF06 /* Info.plist */ = {isa = PBXFileReference; lastKnownFileType = text.plist.xml; path = Info.plist; sourceTree = "<group>"; };
		9427C7031B4466000049EF06 /* IDNLoopViewTests.m */ = {isa = PBXFileReference; lastKnownFileType = sourcecode.c.objc; path = IDNLoopViewTests.m; sourceTree = "<group>"; };
		9427C70D1B4466130049EF06 /* IDNLoopView.h */ = {isa = PBXFileReference; fileEncoding = 4; lastKnownFileType = sourcecode.c.h; path = IDNLoopView.h; sourceTree = "<group>"; };
		9427C70E1B4466130049EF06 /* IDNLoopView.m */ = {isa = PBXFileReference; fileEncoding = 4; lastKnownFileType = sourcecode.c.objc; path = IDNLoopView.m; sourceTree = "<group>"; };
		9427C7211B45C3740049EF06 /* 抽象派艺术000.jpg */ = {isa = PBXFileReference; lastKnownFileType = image.jpeg; path = "抽象派艺术000.jpg"; sourceTree = "<group>"; };
		9427C7221B45C3740049EF06 /* 抽象派艺术001.jpg */ = {isa = PBXFileReference; lastKnownFileType = image.jpeg; path = "抽象派艺术001.jpg"; sourceTree = "<group>"; };
		9427C7231B45C3740049EF06 /* 抽象派艺术002.jpg */ = {isa = PBXFileReference; lastKnownFileType = image.jpeg; path = "抽象派艺术002.jpg"; sourceTree = "<group>"; };
		9427C7241B45C3740049EF06 /* 抽象派艺术003.jpg */ = {isa = PBXFileReference; lastKnownFileType = image.jpeg; path = "抽象派艺术003.jpg"; sourceTree = "<group>"; };
		9427C7251B45C3740049EF06 /* 抽象派艺术004.jpg */ = {isa = PBXFileReference; lastKnownFileType = image.jpeg; path = "抽象派艺术004.jpg"; sourceTree = "<group>"; };
		9427C7261B45C3740049EF06 /* 抽象派艺术005.jpg */ = {isa = PBXFileReference; lastKnownFileType = image.jpeg; path = "抽象派艺术005.jpg"; sourceTree = "<group>"; };
/* End PBXFileReference section */

/* Begin PBXFrameworksBuildPhase section */
		9427C6E11B4466000049EF06 /* Frameworks */ = {
			isa = PBXFrameworksBuildPhase;
			buildActionMask = 2147483647;
			files = (
			);
			runOnlyForDeploymentPostprocessing = 0;
		};
		9427C6FA1B4466000049EF06 /* Frameworks */ = {
			isa = PBXFrameworksBuildPhase;
			buildActionMask = 2147483647;
			files = (
			);
			runOnlyForDeploymentPostprocessing = 0;
		};
/* End PBXFrameworksBuildPhase section */

/* Begin PBXGroup section */
		9427C6DB1B4466000049EF06 = {
			isa = PBXGroup;
			children = (
				9427C6E61B4466000049EF06 /* IDNLoopView */,
				9427C7001B4466000049EF06 /* IDNLoopViewTests */,
				9427C6E51B4466000049EF06 /* Products */,
			);
			sourceTree = "<group>";
		};
		9427C6E51B4466000049EF06 /* Products */ = {
			isa = PBXGroup;
			children = (
				9427C6E41B4466000049EF06 /* IDNLoopView.app */,
				9427C6FD1B4466000049EF06 /* IDNLoopViewTests.xctest */,
			);
			name = Products;
			sourceTree = "<group>";
		};
		9427C6E61B4466000049EF06 /* IDNLoopView */ = {
			isa = PBXGroup;
			children = (
				9427C70D1B4466130049EF06 /* IDNLoopView.h */,
				9427C70E1B4466130049EF06 /* IDNLoopView.m */,
				9427C6EB1B4466000049EF06 /* AppDelegate.h */,
				9427C6EC1B4466000049EF06 /* AppDelegate.m */,
				9427C6EE1B4466000049EF06 /* ViewController.h */,
				9427C6EF1B4466000049EF06 /* ViewController.m */,
				9427C6F11B4466000049EF06 /* Main.storyboard */,
				9427C6F41B4466000049EF06 /* Images.xcassets */,
				9427C6F61B4466000049EF06 /* LaunchScreen.xib */,
				9427C7201B45C3740049EF06 /* images */,
				9427C6E71B4466000049EF06 /* Supporting Files */,
			);
			path = IDNLoopView;
			sourceTree = "<group>";
		};
		9427C6E71B4466000049EF06 /* Supporting Files */ = {
			isa = PBXGroup;
			children = (
				9427C6E81B4466000049EF06 /* Info.plist */,
				9427C6E91B4466000049EF06 /* main.m */,
			);
			name = "Supporting Files";
			sourceTree = "<group>";
		};
		9427C7001B4466000049EF06 /* IDNLoopViewTests */ = {
			isa = PBXGroup;
			children = (
				9427C7031B4466000049EF06 /* IDNLoopViewTests.m */,
				9427C7011B4466000049EF06 /* Supporting Files */,
			);
			path = IDNLoopViewTests;
			sourceTree = "<group>";
		};
		9427C7011B4466000049EF06 /* Supporting Files */ = {
			isa = PBXGroup;
			children = (
				9427C7021B4466000049EF06 /* Info.plist */,
			);
			name = "Supporting Files";
			sourceTree = "<group>";
		};
		9427C7201B45C3740049EF06 /* images */ = {
			isa = PBXGroup;
			children = (
				9427C7211B45C3740049EF06 /* 抽象派艺术000.jpg */,
				9427C7221B45C3740049EF06 /* 抽象派艺术001.jpg */,
				9427C7231B45C3740049EF06 /* 抽象派艺术002.jpg */,
				9427C7241B45C3740049EF06 /* 抽象派艺术003.jpg */,
				9427C7251B45C3740049EF06 /* 抽象派艺术004.jpg */,
				9427C7261B45C3740049EF06 /* 抽象派艺术005.jpg */,
			);
			path = images;
			sourceTree = "<group>";
		};
/* End PBXGroup section */

/* Begin PBXNativeTarget section */
		9427C6E31B4466000049EF06 /* IDNLoopView */ = {
			isa = PBXNativeTarget;
			buildConfigurationList = 9427C7071B4466000049EF06 /* Build configuration list for PBXNativeTarget "IDNLoopView" */;
			buildPhases = (
				9427C6E01B4466000049EF06 /* Sources */,
				9427C6E11B4466000049EF06 /* Frameworks */,
				9427C6E21B4466000049EF06 /* Resources */,
			);
			buildRules = (
			);
			dependencies = (
			);
			name = IDNLoopView;
			productName = IDNLoopView;
			productReference = 9427C6E41B4466000049EF06 /* IDNLoopView.app */;
			productType = "com.apple.product-type.application";
		};
		9427C6FC1B4466000049EF06 /* IDNLoopViewTests */ = {
			isa = PBXNativeTarget;
			buildConfigurationList = 9427C70A1B4466000049EF06 /* Build configuration list for PBXNativeTarget "IDNLoopViewTests" */;
			buildPhases = (
				9427C6F91B4466000049EF06 /* Sources */,
				9427C6FA1B4466000049EF06 /* Frameworks */,
				9427C6FB1B4466000049EF06 /* Resources */,
			);
			buildRules = (
			);
			dependencies = (
				9427C6FF1B4466000049EF06 /* PBXTargetDependency */,
			);
			name = IDNLoopViewTests;
			productName = IDNLoopViewTests;
			productReference = 9427C6FD1B4466000049EF06 /* IDNLoopViewTests.xctest */;
			productType = "com.apple.product-type.bundle.unit-test";
		};
/* End PBXNativeTarget section */

/* Begin PBXProject section */
		9427C6DC1B4466000049EF06 /* Project object */ = {
			isa = PBXProject;
			attributes = {
				LastUpgradeCheck = 0630;
				ORGANIZATIONNAME = iosdev.net;
				TargetAttributes = {
					9427C6E31B4466000049EF06 = {
						CreatedOnToolsVersion = 6.3.1;
					};
					9427C6FC1B4466000049EF06 = {
						CreatedOnToolsVersion = 6.3.1;
						TestTargetID = 9427C6E31B4466000049EF06;
					};
				};
			};
			buildConfigurationList = 9427C6DF1B4466000049EF06 /* Build configuration list for PBXProject "IDNLoopView" */;
			compatibilityVersion = "Xcode 3.2";
			developmentRegion = English;
			hasScannedForEncodings = 0;
			knownRegions = (
				en,
				Base,
			);
			mainGroup = 9427C6DB1B4466000049EF06;
			productRefGroup = 9427C6E51B4466000049EF06 /* Products */;
			projectDirPath = "";
			projectRoot = "";
			targets = (
				9427C6E31B4466000049EF06 /* IDNLoopView */,
				9427C6FC1B4466000049EF06 /* IDNLoopViewTests */,
			);
		};
/* End PBXProject section */

/* Begin PBXResourcesBuildPhase section */
		9427C6E21B4466000049EF06 /* Resources */ = {
			isa = PBXResourcesBuildPhase;
			buildActionMask = 2147483647;
			files = (
				9427C7381B45C3740049EF06 /* 抽象派艺术003.jpg in Resources */,
				9427C7351B45C3740049EF06 /* 抽象派艺术000.jpg in Resources */,
				9427C6F31B4466000049EF06 /* Main.storyboard in Resources */,
				9427C7371B45C3740049EF06 /* 抽象派艺术002.jpg in Resources */,
				9427C7391B45C3740049EF06 /* 抽象派艺术004.jpg in Resources */,
				9427C7361B45C3740049EF06 /* 抽象派艺术001.jpg in Resources */,
				9427C6F81B4466000049EF06 /* LaunchScreen.xib in Resources */,
				9427C6F51B4466000049EF06 /* Images.xcassets in Resources */,
				9427C73A1B45C3740049EF06 /* 抽象派艺术005.jpg in Resources */,
			);
			runOnlyForDeploymentPostprocessing = 0;
		};
		9427C6FB1B4466000049EF06 /* Resources */ = {
			isa = PBXResourcesBuildPhase;
			buildActionMask = 2147483647;
			files = (
			);
			runOnlyForDeploymentPostprocessing = 0;
		};
/* End PBXResourcesBuildPhase section */

/* Begin PBXSourcesBuildPhase section */
		9427C6E01B4466000049EF06 /* Sources */ = {
			isa = PBXSourcesBuildPhase;
			buildActionMask = 2147483647;
			files = (
				9427C70F1B4466130049EF06 /* IDNLoopView.m in Sources */,
				9427C6F01B4466000049EF06 /* ViewController.m in Sources */,
				9427C6ED1B4466000049EF06 /* AppDelegate.m in Sources */,
				9427C6EA1B4466000049EF06 /* main.m in Sources */,
			);
			runOnlyForDeploymentPostprocessing = 0;
		};
		9427C6F91B4466000049EF06 /* Sources */ = {
			isa = PBXSourcesBuildPhase;
			buildActionMask = 2147483647;
			files = (
				9427C7041B4466000049EF06 /* IDNLoopViewTests.m in Sources */,
			);
			runOnlyForDeploymentPostprocessing = 0;
		};
/* End PBXSourcesBuildPhase section */

/* Begin PBXTargetDependency section */
		9427C6FF1B4466000049EF06 /* PBXTargetDependency */ = {
			isa = PBXTargetDependency;
			target = 9427C6E31B4466000049EF06 /* IDNLoopView */;
			targetProxy = 9427C6FE1B4466000049EF06 /* PBXContainerItemProxy */;
		};
/* End PBXTargetDependency section */

/* Begin PBXVariantGroup section */
		9427C6F11B4466000049EF06 /* Main.storyboard */ = {
			isa = PBXVariantGroup;
			children = (
				9427C6F21B4466000049EF06 /* Base */,
			);
			name = Main.storyboard;
			sourceTree = "<group>";
		};
		9427C6F61B4466000049EF06 /* LaunchScreen.xib */ = {
			isa = PBXVariantGroup;
			children = (
				9427C6F71B4466000049EF06 /* Base */,
			);
			name = LaunchScreen.xib;
			sourceTree = "<group>";
		};
/* End PBXVariantGroup section */

/* Begin XCBuildConfiguration section */
		9427C7051B4466000049EF06 /* Debug */ = {
			isa = XCBuildConfiguration;
			buildSettings = {
				ALWAYS_SEARCH_USER_PATHS = NO;
				CLANG_CXX_LANGUAGE_STANDARD = "gnu++0x";
				CLANG_CXX_LIBRARY = "libc++";
				CLANG_ENABLE_MODULES = YES;
				CLANG_ENABLE_OBJC_ARC = YES;
				CLANG_WARN_BOOL_CONVERSION = YES;
				CLANG_WARN_CONSTANT_CONVERSION = YES;
				CLANG_WARN_DIRECT_OBJC_ISA_USAGE = YES_ERROR;
				CLANG_WARN_EMPTY_BODY = YES;
				CLANG_WARN_ENUM_CONVERSION = YES;
				CLANG_WARN_INT_CONVERSION = YES;
				CLANG_WARN_OBJC_ROOT_CLASS = YES_ERROR;
				CLANG_WARN_UNREACHABLE_CODE = YES;
				CLANG_WARN__DUPLICATE_METHOD_MATCH = YES;
				"CODE_SIGN_IDENTITY[sdk=iphoneos*]" = "iPhone Developer";
				COPY_PHASE_STRIP = NO;
				DEBUG_INFORMATION_FORMAT = "dwarf-with-dsym";
				ENABLE_STRICT_OBJC_MSGSEND = YES;
				GCC_C_LANGUAGE_STANDARD = gnu99;
				GCC_DYNAMIC_NO_PIC = NO;
				GCC_NO_COMMON_BLOCKS = YES;
				GCC_OPTIMIZATION_LEVEL = 0;
				GCC_PREPROCESSOR_DEFINITIONS = (
					"DEBUG=1",
					"$(inherited)",
				);
				GCC_SYMBOLS_PRIVATE_EXTERN = NO;
				GCC_WARN_64_TO_32_BIT_CONVERSION = YES;
				GCC_WARN_ABOUT_RETURN_TYPE = YES_ERROR;
				GCC_WARN_UNDECLARED_SELECTOR = YES;
				GCC_WARN_UNINITIALIZED_AUTOS = YES_AGGRESSIVE;
				GCC_WARN_UNUSED_FUNCTION = YES;
				GCC_WARN_UNUSED_VARIABLE = YES;
				IPHONEOS_DEPLOYMENT_TARGET = 8.3;
				MTL_ENABLE_DEBUG_INFO = YES;
				ONLY_ACTIVE_ARCH = YES;
				SDKROOT = iphoneos;
			};
			name = Debug;
		};
		9427C7061B4466000049EF06 /* Release */ = {
			isa = XCBuildConfiguration;
			buildSettings = {
				ALWAYS_SEARCH_USER_PATHS = NO;
				CLANG_CXX_LANGUAGE_STANDARD = "gnu++0x";
				CLANG_CXX_LIBRARY = "libc++";
				CLANG_ENABLE_MODULES = YES;
				CLANG_ENABLE_OBJC_ARC = YES;
				CLANG_WARN_BOOL_CONVERSION = YES;
				CLANG_WARN_CONSTANT_CONVERSION = YES;
				CLANG_WARN_DIRECT_OBJC_ISA_USAGE = YES_ERROR;
				CLANG_WARN_EMPTY_BODY = YES;
				CLANG_WARN_ENUM_CONVERSION = YES;
				CLANG_WARN_INT_CONVERSION = YES;
				CLANG_WARN_OBJC_ROOT_CLASS = YES_ERROR;
				CLANG_WARN_UNREACHABLE_CODE = YES;
				CLANG_WARN__DUPLICATE_METHOD_MATCH = YES;
				"CODE_SIGN_IDENTITY[sdk=iphoneos*]" = "iPhone Developer";
				COPY_PHASE_STRIP = NO;
				DEBUG_INFORMATION_FORMAT = "dwarf-with-dsym";
				ENABLE_NS_ASSERTIONS = NO;
				ENABLE_STRICT_OBJC_MSGSEND = YES;
				GCC_C_LANGUAGE_STANDARD = gnu99;
				GCC_NO_COMMON_BLOCKS = YES;
				GCC_WARN_64_TO_32_BIT_CONVERSION = YES;
				GCC_WARN_ABOUT_RETURN_TYPE = YES_ERROR;
				GCC_WARN_UNDECLARED_SELECTOR = YES;
				GCC_WARN_UNINITIALIZED_AUTOS = YES_AGGRESSIVE;
				GCC_WARN_UNUSED_FUNCTION = YES;
				GCC_WARN_UNUSED_VARIABLE = YES;
				IPHONEOS_DEPLOYMENT_TARGET = 8.3;
				MTL_ENABLE_DEBUG_INFO = NO;
				SDKROOT = iphoneos;
				VALIDATE_PRODUCT = YES;
			};
			name = Release;
		};
		9427C7081B4466000049EF06 /* Debug */ = {
			isa = XCBuildConfiguration;
			buildSettings = {
				ASSETCATALOG_COMPILER_APPICON_NAME = AppIcon;
				ASSETCATALOG_COMPILER_LAUNCHIMAGE_NAME = LaunchImage;
				INFOPLIST_FILE = IDNLoopView/Info.plist;
				IPHONEOS_DEPLOYMENT_TARGET = 6.0;
				LD_RUNPATH_SEARCH_PATHS = "$(inherited) @executable_path/Frameworks";
				PRODUCT_NAME = "$(TARGET_NAME)";
			};
			name = Debug;
		};
		9427C7091B4466000049EF06 /* Release */ = {
			isa = XCBuildConfiguration;
			buildSettings = {
				ASSETCATALOG_COMPILER_APPICON_NAME = AppIcon;
				ASSETCATALOG_COMPILER_LAUNCHIMAGE_NAME = LaunchImage;
				INFOPLIST_FILE = IDNLoopView/Info.plist;
				IPHONEOS_DEPLOYMENT_TARGET = 6.0;
				LD_RUNPATH_SEARCH_PATHS = "$(inherited) @executable_path/Frameworks";
				PRODUCT_NAME = "$(TARGET_NAME)";
			};
			name = Release;
		};
		9427C70B1B4466000049EF06 /* Debug */ = {
			isa = XCBuildConfiguration;
			buildSettings = {
				BUNDLE_LOADER = "$(TEST_HOST)";
				FRAMEWORK_SEARCH_PATHS = (
					"$(SDKROOT)/Developer/Library/Frameworks",
					"$(inherited)",
				);
				GCC_PREPROCESSOR_DEFINITIONS = (
					"DEBUG=1",
					"$(inherited)",
				);
				INFOPLIST_FILE = IDNLoopViewTests/Info.plist;
				LD_RUNPATH_SEARCH_PATHS = "$(inherited) @executable_path/Frameworks @loader_path/Frameworks";
				PRODUCT_NAME = "$(TARGET_NAME)";
				TEST_HOST = "$(BUILT_PRODUCTS_DIR)/IDNLoopView.app/IDNLoopView";
			};
			name = Debug;
		};
		9427C70C1B4466000049EF06 /* Release */ = {
			isa = XCBuildConfiguration;
			buildSettings = {
				BUNDLE_LOADER = "$(TEST_HOST)";
				FRAMEWORK_SEARCH_PATHS = (
					"$(SDKROOT)/Developer/Library/Frameworks",
					"$(inherited)",
				);
				INFOPLIST_FILE = IDNLoopViewTests/Info.plist;
				LD_RUNPATH_SEARCH_PATHS = "$(inherited) @executable_path/Frameworks @loader_path/Frameworks";
				PRODUCT_NAME = "$(TARGET_NAME)";
				TEST_HOST = "$(BUILT_PRODUCTS_DIR)/IDNLoopView.app/IDNLoopView";
			};
			name = Release;
		};
/* End XCBuildConfiguration section */

/* Begin XCConfigurationList section */
		9427C6DF1B4466000049EF06 /* Build configuration list for PBXProject "IDNLoopView" */ = {
			isa = XCConfigurationList;
			buildConfigurations = (
				9427C7051B4466000049EF06 /* Debug */,
				9427C7061B4466000049EF06 /* Release */,
			);
			defaultConfigurationIsVisible = 0;
			defaultConfigurationName = Release;
		};
		9427C7071B4466000049EF06 /* Build configuration list for PBXNativeTarget "IDNLoopView" */ = {
			isa = XCConfigurationList;
			buildConfigurations = (
				9427C7081B4466000049EF06 /* Debug */,
				9427C7091B4466000049EF06 /* Release */,
			);
			defaultConfigurationIsVisible = 0;
			defaultConfigurationName = Release;
		};
		9427C70A1B4466000049EF06 /* Build configuration list for PBXNativeTarget "IDNLoopViewTests" */ = {
			isa = XCConfigurationList;
			buildConfigurations = (
				9427C70B1B4466000049EF06 /* Debug */,
				9427C70C1B4466000049EF06 /* Release */,
			);
			defaultConfigurationIsVisible = 0;
			defaultConfigurationName = Release;
		};
/* End XCConfigurationList section */
	};
	rootObject = 9427C6DC1B4466000049EF06 /* Project object */;
}
